
Microsoft Visual Studio Solution File, Format Version 12.00
# Visual Studio Version 17
VisualStudioVersion = 17.7.34221.43
MinimumVisualStudioVersion = 10.0.40219.1
Project("{FAE04EC0-301F-11D3-BF4B-00C04F79EFBC}") = "Parking", "Parking\Parking.csproj", "{B796055C-58C7-45BD-BB4B-CD9E40104C43}"
EndProject
Global
	GlobalSection(SolutionConfigurationPlatforms) = preSolution
		Debug|Any CPU = Debug|Any CPU
		Release|Any CPU = Release|Any CPU
	EndGlobalSection
	GlobalSection(ProjectConfigurationPlatforms) = postSolution
		{B796055C-58C7-45BD-BB4B-CD9E40104C43}.Debug|Any CPU.ActiveCfg = Debug|Any CPU
		{B796055C-58C7-45BD-BB4B-CD9E40104C43}.Debug|Any CPU.Build.0 = Debug|Any CPU
		{B796055C-58C7-45BD-BB4B-CD9E40104C43}.Release|Any CPU.ActiveCfg = Release|Any CPU
		{B796055C-58C7-45BD-BB4B-CD9E40104C43}.Release|Any CPU.Build.0 = Release|Any CPU
	EndGlobalSection
	GlobalSection(SolutionProperties) = preSolution
		HideSolutionNode = FALSE
	EndGlobalSection
	GlobalSection(ExtensibilityGlobals) = postSolution
		SolutionGuid = {8847D34E-87D1-4E9C-9E9B-602B0D6C47D9}
	EndGlobalSection
EndGlobal
